<?xml version="1.0" encoding="utf-8"?>
<Project ToolsVersion="4.0" xmlns="http://schemas.microsoft.com/developer/msbuild/2003">
	<ItemGroup>
		<ClInclude Include="avx_array.hpp" />
		<ClInclude Include="config.hpp" />
		<ClInclude Include="expression_template.hpp" />
		<ClInclude Include="expression_template_simd.hpp" />
		<ClInclude Include="naive_implementation.hpp" />
		<ClInclude Include="neon_array.hpp" />
		<ClInclude Include="performance_test.hpp" />
		<ClInclude Include="sse_array.hpp" />
		<ClInclude Include="timer.hpp" />
	</ItemGroup>
	<ItemGroup>
		<ClCompile Include="main.cpp" />
		<ClCompile Include="timer.cpp" />
		<ClCompile Include="test_dot_product.cpp" />
	</ItemGroup>
</Project>
