
Microsoft Visual Studio Solution File, Format Version 11.00
# Visual Studio 2010
Project("{8BC9CEB8-8B4A-11D0-8D11-00A0C91BC942}") = "dot_product", "dot_product.vcxproj", "{B8447E76-DE29-AE49-A627-9F0AB3D92295}"
EndProject
Project("{8BC9CEB8-8B4A-11D0-8D11-00A0C91BC942}") = "vector_length", "vector_length.vcxproj", "{382EFACA-62AE-6642-9B6D-5D8B7E0EAAD7}"
EndProject
Global
	GlobalSection(SolutionConfigurationPlatforms) = preSolution
		Debug|Win32 = Debug|Win32
		Release|Win32 = Release|Win32
	EndGlobalSection
	GlobalSection(ProjectConfigurationPlatforms) = postSolution
		{B8447E76-DE29-AE49-A627-9F0AB3D92295}.Debug|Win32.ActiveCfg = Debug|Win32
		{B8447E76-DE29-AE49-A627-9F0AB3D92295}.Debug|Win32.Build.0 = Debug|Win32
		{B8447E76-DE29-AE49-A627-9F0AB3D92295}.Release|Win32.ActiveCfg = Release|Win32
		{B8447E76-DE29-AE49-A627-9F0AB3D92295}.Release|Win32.Build.0 = Release|Win32
		{382EFACA-62AE-6642-9B6D-5D8B7E0EAAD7}.Debug|Win32.ActiveCfg = Debug|Win32
		{382EFACA-62AE-6642-9B6D-5D8B7E0EAAD7}.Debug|Win32.Build.0 = Debug|Win32
		{382EFACA-62AE-6642-9B6D-5D8B7E0EAAD7}.Release|Win32.ActiveCfg = Release|Win32
		{382EFACA-62AE-6642-9B6D-5D8B7E0EAAD7}.Release|Win32.Build.0 = Release|Win32
	EndGlobalSection
	GlobalSection(SolutionProperties) = preSolution
		HideSolutionNode = FALSE
	EndGlobalSection
EndGlobal
